{
  "name": "@jocelinofernandes/hl-models",
  "version": "1.0.1",
  "lockfileVersion": 3,
  "requires": true,
  "packages": {
    "": {
      "name": "@jocelinofernandes/hl-models",
      "version": "1.0.0",
      "license": "ISC",
      "dependencies": {
        "@jocelinofernandes/hl-dtos": "^1.0.0"
      }
    },
    "node_modules/@jocelinofernandes/hl-dtos": {
      "version": "1.0.0",
      "resolved": "https://registry.npmjs.org/@jocelinofernandes/hl-dtos/-/hl-dtos-1.0.0.tgz",
      "integrity": "sha512-DLSpHO8ouD3NaA56nH5Lm+NT2MUERvXWkm61suXDFP5cgh/sMDnuWMrpJ3c7JHbKyxy/quthH0jfrzZFT5ZrLA=="
    }
  }
}
